
Microsoft Visual Studio Solution File, Format Version 12.00
# Visual Studio 15
VisualStudioVersion = 15.0.26724.1
MinimumVisualStudioVersion = 10.0.40219.1
Project("{9A19103F-16F7-4668-BE54-9A1E7A4F7556}") = "PublicProxyAzureFunction", "PublicProxyAzureFunction\PublicProxyAzureFunction.csproj", "{DAE4FF53-E4A1-4218-BB71-D59895100327}"
EndProject
Global
	GlobalSection(SolutionConfigurationPlatforms) = preSolution
		Debug|Any CPU = Debug|Any CPU
		Release|Any CPU = Release|Any CPU
	EndGlobalSection
	GlobalSection(ProjectConfigurationPlatforms) = postSolution
		{DAE4FF53-E4A1-4218-BB71-D59895100327}.Debug|Any CPU.ActiveCfg = Debug|Any CPU
		{DAE4FF53-E4A1-4218-BB71-D59895100327}.Debug|Any CPU.Build.0 = Debug|Any CPU
		{DAE4FF53-E4A1-4218-BB71-D59895100327}.Release|Any CPU.ActiveCfg = Release|Any CPU
		{DAE4FF53-E4A1-4218-BB71-D59895100327}.Release|Any CPU.Build.0 = Release|Any CPU
	EndGlobalSection
	GlobalSection(SolutionProperties) = preSolution
		HideSolutionNode = FALSE
	EndGlobalSection
	GlobalSection(ExtensibilityGlobals) = postSolution
		SolutionGuid = {2CF4FA76-14B3-400F-AA89-00AA7602CD1D}
	EndGlobalSection
EndGlobal
